
Microsoft Visual Studio Solution File, Format Version 12.00
# Visual Studio Version 17
VisualStudioVersion = 17.3.32929.385
MinimumVisualStudioVersion = 10.0.40219.1
Project("{9A19103F-16F7-4668-BE54-9A1E7A4F7556}") = "Authentication", "Authentication.csproj", "{C8DB6E76-1FCF-4046-875A-4E7BE51F7602}"
EndProject
Project("{9A19103F-16F7-4668-BE54-9A1E7A4F7556}") = "Usermodel", "..\Usermodel\Usermodel.csproj", "{82337CCB-F9D7-4A65-AC23-42FB2F911605}"
EndProject
Global
	GlobalSection(SolutionConfigurationPlatforms) = preSolution
		Debug|Any CPU = Debug|Any CPU
		Release|Any CPU = Release|Any CPU
	EndGlobalSection
	GlobalSection(ProjectConfigurationPlatforms) = postSolution
		{C8DB6E76-1FCF-4046-875A-4E7BE51F7602}.Debug|Any CPU.ActiveCfg = Debug|Any CPU
		{C8DB6E76-1FCF-4046-875A-4E7BE51F7602}.Debug|Any CPU.Build.0 = Debug|Any CPU
		{C8DB6E76-1FCF-4046-875A-4E7BE51F7602}.Release|Any CPU.ActiveCfg = Release|Any CPU
		{C8DB6E76-1FCF-4046-875A-4E7BE51F7602}.Release|Any CPU.Build.0 = Release|Any CPU
		{82337CCB-F9D7-4A65-AC23-42FB2F911605}.Debug|Any CPU.ActiveCfg = Debug|Any CPU
		{82337CCB-F9D7-4A65-AC23-42FB2F911605}.Debug|Any CPU.Build.0 = Debug|Any CPU
		{82337CCB-F9D7-4A65-AC23-42FB2F911605}.Release|Any CPU.ActiveCfg = Release|Any CPU
		{82337CCB-F9D7-4A65-AC23-42FB2F911605}.Release|Any CPU.Build.0 = Release|Any CPU
	EndGlobalSection
	GlobalSection(SolutionProperties) = preSolution
		HideSolutionNode = FALSE
	EndGlobalSection
	GlobalSection(ExtensibilityGlobals) = postSolution
		SolutionGuid = {3DEE9C86-E457-4E70-A190-79A6E64BC1A1}
	EndGlobalSection
EndGlobal
